
Microsoft Visual Studio Solution File, Format Version 12.00
# Visual Studio Version 17
VisualStudioVersion = 17.5.33424.131
MinimumVisualStudioVersion = 10.0.40219.1
Project("{FAE04EC0-301F-11D3-BF4B-00C04F79EFBC}") = "roboTupiniquim", "roboTupiniquim\roboTupiniquim.csproj", "{695A2DB4-212A-4980-9D0A-AF88333034CE}"
EndProject
Global
	GlobalSection(SolutionConfigurationPlatforms) = preSolution
		Debug|Any CPU = Debug|Any CPU
		Release|Any CPU = Release|Any CPU
	EndGlobalSection
	GlobalSection(ProjectConfigurationPlatforms) = postSolution
		{695A2DB4-212A-4980-9D0A-AF88333034CE}.Debug|Any CPU.ActiveCfg = Debug|Any CPU
		{695A2DB4-212A-4980-9D0A-AF88333034CE}.Debug|Any CPU.Build.0 = Debug|Any CPU
		{695A2DB4-212A-4980-9D0A-AF88333034CE}.Release|Any CPU.ActiveCfg = Release|Any CPU
		{695A2DB4-212A-4980-9D0A-AF88333034CE}.Release|Any CPU.Build.0 = Release|Any CPU
	EndGlobalSection
	GlobalSection(SolutionProperties) = preSolution
		HideSolutionNode = FALSE
	EndGlobalSection
	GlobalSection(ExtensibilityGlobals) = postSolution
		SolutionGuid = {CBDF9ACF-067D-4CD4-A1E0-24164DBFF7CE}
	EndGlobalSection
EndGlobal
